
Microsoft Visual Studio Solution File, Format Version 12.00
# Visual Studio 15
VisualStudioVersion = 15.0.27130.2024
MinimumVisualStudioVersion = 10.0.40219.1
Project("{FAE04EC0-301F-11D3-BF4B-00C04F79EFBC}") = "RandomNumbers", "RandomNumbers\RandomNumbers.csproj", "{D959855C-7C17-402E-B226-BE1236187BCF}"
EndProject
Global
	GlobalSection(SolutionConfigurationPlatforms) = preSolution
		Debug|Any CPU = Debug|Any CPU
		Release|Any CPU = Release|Any CPU
	EndGlobalSection
	GlobalSection(ProjectConfigurationPlatforms) = postSolution
		{D959855C-7C17-402E-B226-BE1236187BCF}.Debug|Any CPU.ActiveCfg = Debug|Any CPU
		{D959855C-7C17-402E-B226-BE1236187BCF}.Debug|Any CPU.Build.0 = Debug|Any CPU
		{D959855C-7C17-402E-B226-BE1236187BCF}.Release|Any CPU.ActiveCfg = Release|Any CPU
		{D959855C-7C17-402E-B226-BE1236187BCF}.Release|Any CPU.Build.0 = Release|Any CPU
	EndGlobalSection
	GlobalSection(SolutionProperties) = preSolution
		HideSolutionNode = FALSE
	EndGlobalSection
	GlobalSection(ExtensibilityGlobals) = postSolution
		SolutionGuid = {01705FC3-C55B-40C7-BD9B-9EC3E1FB1D85}
	EndGlobalSection
EndGlobal
